
Microsoft Visual Studio Solution File, Format Version 12.00
# Visual Studio Version 16
VisualStudioVersion = 16.0.31410.357
MinimumVisualStudioVersion = 10.0.40219.1
Project("{8BC9CEB8-8B4A-11D0-8D11-00A0C91BC942}") = "OS09_04", "OS09_04\OS09_04.vcxproj", "{F58BEC95-EB09-4C18-AD3A-C40AABAECB73}"
EndProject
Global
	GlobalSection(SolutionConfigurationPlatforms) = preSolution
		Debug|x64 = Debug|x64
		Debug|x86 = Debug|x86
		Release|x64 = Release|x64
		Release|x86 = Release|x86
	EndGlobalSection
	GlobalSection(ProjectConfigurationPlatforms) = postSolution
		{F58BEC95-EB09-4C18-AD3A-C40AABAECB73}.Debug|x64.ActiveCfg = Debug|x64
		{F58BEC95-EB09-4C18-AD3A-C40AABAECB73}.Debug|x64.Build.0 = Debug|x64
		{F58BEC95-EB09-4C18-AD3A-C40AABAECB73}.Debug|x86.ActiveCfg = Debug|Win32
		{F58BEC95-EB09-4C18-AD3A-C40AABAECB73}.Debug|x86.Build.0 = Debug|Win32
		{F58BEC95-EB09-4C18-AD3A-C40AABAECB73}.Release|x64.ActiveCfg = Release|x64
		{F58BEC95-EB09-4C18-AD3A-C40AABAECB73}.Release|x64.Build.0 = Release|x64
		{F58BEC95-EB09-4C18-AD3A-C40AABAECB73}.Release|x86.ActiveCfg = Release|Win32
		{F58BEC95-EB09-4C18-AD3A-C40AABAECB73}.Release|x86.Build.0 = Release|Win32
	EndGlobalSection
	GlobalSection(SolutionProperties) = preSolution
		HideSolutionNode = FALSE
	EndGlobalSection
	GlobalSection(ExtensibilityGlobals) = postSolution
		SolutionGuid = {748A8B39-76FF-42A4-988E-82BBB1223174}
	EndGlobalSection
EndGlobal
